schema: '2.0'
stages:
  stage_01:
    cmd: python stage_01.py
    deps:
    - path: stage_01.py
      hash: md5
      md5: 7c68380b534f1e556442407366912190
      size: 90
    outs:
    - path: artifact.txt
      hash: md5
      md5: f36feb9f96d6e6a08c6b4549e0836e9a
      size: 34
  stage_02:
    cmd: python stage_02.py
    deps:
    - path: artifact.txt
      hash: md5
      md5: f36feb9f96d6e6a08c6b4549e0836e9a
      size: 34
    - path: stage_02.py
      hash: md5
      md5: 3a130e12803515a62f02766ffc2c5265
      size: 142
  stage_03:
    cmd: python stage_03.py
    deps:
    - path: artifact.txt
      hash: md5
      md5: 34a99adad57c6889b3fd6072f62edfe6
      size: 45
    - path: stage_03.py
      hash: md5
      md5: 0d8a75d00b208ea3ec5930eeaa2dbd87
      size: 188
